
Microsoft Visual Studio Solution File, Format Version 12.00
# Visual Studio Version 17
VisualStudioVersion = 17.1.32210.238
MinimumVisualStudioVersion = 10.0.40219.1
Project("{9A19103F-16F7-4668-BE54-9A1E7A4F7556}") = "StrongNamer", "src\StrongNamer\StrongNamer.csproj", "{3BED6CCE-6803-448D-90D7-86EB9699CEA7}"
EndProject
Project("{9A19103F-16F7-4668-BE54-9A1E7A4F7556}") = "TestLibrary", "src\TestLibrary\TestLibrary.csproj", "{2823F067-39ED-4FE1-96C4-72C93A68DB8E}"
	ProjectSection(ProjectDependencies) = postProject
		{3BED6CCE-6803-448D-90D7-86EB9699CEA7} = {3BED6CCE-6803-448D-90D7-86EB9699CEA7}
	EndProjectSection
EndProject
Project("{9A19103F-16F7-4668-BE54-9A1E7A4F7556}") = "TestConsoleApp", "src\TestConsoleApp\TestConsoleApp.csproj", "{2F57F75B-02A7-44DE-B49F-5CA81546AF9B}"
EndProject
Project("{2150E333-8FDC-42A3-9474-1A3956D46DE8}") = "Tools", "Tools", "{F10583C5-3320-4AAB-B604-5FF26C91612F}"
	ProjectSection(SolutionItems) = preProject
		CheckAssembly.ps1 = CheckAssembly.ps1
	EndProjectSection
EndProject
Global
	GlobalSection(SolutionConfigurationPlatforms) = preSolution
		Debug|Any CPU = Debug|Any CPU
		Release|Any CPU = Release|Any CPU
	EndGlobalSection
	GlobalSection(ProjectConfigurationPlatforms) = postSolution
		{3BED6CCE-6803-448D-90D7-86EB9699CEA7}.Debug|Any CPU.ActiveCfg = Debug|Any CPU
		{3BED6CCE-6803-448D-90D7-86EB9699CEA7}.Debug|Any CPU.Build.0 = Debug|Any CPU
		{3BED6CCE-6803-448D-90D7-86EB9699CEA7}.Release|Any CPU.ActiveCfg = Release|Any CPU
		{3BED6CCE-6803-448D-90D7-86EB9699CEA7}.Release|Any CPU.Build.0 = Release|Any CPU
		{2823F067-39ED-4FE1-96C4-72C93A68DB8E}.Debug|Any CPU.ActiveCfg = Debug|Any CPU
		{2823F067-39ED-4FE1-96C4-72C93A68DB8E}.Debug|Any CPU.Build.0 = Debug|Any CPU
		{2823F067-39ED-4FE1-96C4-72C93A68DB8E}.Release|Any CPU.ActiveCfg = Release|Any CPU
		{2823F067-39ED-4FE1-96C4-72C93A68DB8E}.Release|Any CPU.Build.0 = Release|Any CPU
		{2F57F75B-02A7-44DE-B49F-5CA81546AF9B}.Debug|Any CPU.ActiveCfg = Debug|Any CPU
		{2F57F75B-02A7-44DE-B49F-5CA81546AF9B}.Debug|Any CPU.Build.0 = Debug|Any CPU
		{2F57F75B-02A7-44DE-B49F-5CA81546AF9B}.Release|Any CPU.ActiveCfg = Release|Any CPU
		{2F57F75B-02A7-44DE-B49F-5CA81546AF9B}.Release|Any CPU.Build.0 = Release|Any CPU
	EndGlobalSection
	GlobalSection(SolutionProperties) = preSolution
		HideSolutionNode = FALSE
	EndGlobalSection
	GlobalSection(ExtensibilityGlobals) = postSolution
		SolutionGuid = {9DCCB40B-730D-497C-A1EC-3613412A063C}
	EndGlobalSection
EndGlobal
